
Microsoft Visual Studio Solution File, Format Version 12.00
# Visual Studio Version 17
VisualStudioVersion = 17.11.35219.272
MinimumVisualStudioVersion = 10.0.40219.1
Project("{FAE04EC0-301F-11D3-BF4B-00C04F79EFBC}") = "WebBookingSystem", "WebBookingSystem\WebBookingSystem.csproj", "{BBDFE536-6AF9-4721-9E7E-7F70D4488942}"
EndProject
Global
	GlobalSection(SolutionConfigurationPlatforms) = preSolution
		Debug|Any CPU = Debug|Any CPU
		Release|Any CPU = Release|Any CPU
	EndGlobalSection
	GlobalSection(ProjectConfigurationPlatforms) = postSolution
		{BBDFE536-6AF9-4721-9E7E-7F70D4488942}.Debug|Any CPU.ActiveCfg = Debug|Any CPU
		{BBDFE536-6AF9-4721-9E7E-7F70D4488942}.Debug|Any CPU.Build.0 = Debug|Any CPU
		{BBDFE536-6AF9-4721-9E7E-7F70D4488942}.Release|Any CPU.ActiveCfg = Release|Any CPU
		{BBDFE536-6AF9-4721-9E7E-7F70D4488942}.Release|Any CPU.Build.0 = Release|Any CPU
	EndGlobalSection
	GlobalSection(SolutionProperties) = preSolution
		HideSolutionNode = FALSE
	EndGlobalSection
	GlobalSection(ExtensibilityGlobals) = postSolution
		SolutionGuid = {D6EA9C1C-ECA6-41C4-BEC9-BFFB2317ABBF}
	EndGlobalSection
EndGlobal
